PODS:
  - MDCDamerauLevenshtein (0.1.0)
  - NSString+LevenshteinDistance (0.0.1)

DEPENDENCIES:
  - MDCDamerauLevenshtein (from `../`)
  - NSString+LevenshteinDistance

EXTERNAL SOURCES:
  MDCDamerauLevenshtein:
    :path: ../

SPEC CHECKSUMS:
  MDCDamerauLevenshtein: 68927849852894d13869043e7ab7f730c2c307e7
  NSString+LevenshteinDistance: c5b14232fbc9284826704d3a6499601999e5c37c

COCOAPODS: 0.32.1
